// !$*UTF8*$!
{
	archiveVersion = 1;
	classes = {
	};
	objectVersion = 51;
	objects = {

/* Begin PBXBuildFile section */
		421B8FC124A8510700299ABA /* TweetCell.swift in Sources */ = {isa = PBXBuildFile; fileRef = 421B8FC024A8510700299ABA /* TweetCell.swift */; };
		421B8FC324A856E400299ABA /* Image.swift in Sources */ = {isa = PBXBuildFile; fileRef = 421B8FC224A856E400299ABA /* Image.swift */; };
		421B8FC524A85C4900299ABA /* Button.swift in Sources */ = {isa = PBXBuildFile; fileRef = 421B8FC424A85C4900299ABA /* Button.swift */; };
		421B8FC724A884E900299ABA /* TweetViewModel.swift in Sources */ = {isa = PBXBuildFile; fileRef = 421B8FC624A884E900299ABA /* TweetViewModel.swift */; };
		4227E7C32494D72300E2DDA4 /* Extensions.swift in Sources */ = {isa = PBXBuildFile; fileRef = 4227E7C22494D72300E2DDA4 /* Extensions.swift */; };
		425D92E224A5DD5400C905D3 /* UserService.swift in Sources */ = {isa = PBXBuildFile; fileRef = 425D92E124A5DD5400C905D3 /* UserService.swift */; };
		425D92E424A5FAC100C905D3 /* User.swift in Sources */ = {isa = PBXBuildFile; fileRef = 425D92E324A5FAC100C905D3 /* User.swift */; };
		4260F0712493BD4F00897497 /* AppDelegate.swift in Sources */ = {isa = PBXBuildFile; fileRef = 4260F0702493BD4F00897497 /* AppDelegate.swift */; };
		4260F0732493BD4F00897497 /* SceneDelegate.swift in Sources */ = {isa = PBXBuildFile; fileRef = 4260F0722493BD4F00897497 /* SceneDelegate.swift */; };
		4260F0782493BD4F00897497 /* Main.storyboard in Resources */ = {isa = PBXBuildFile; fileRef = 4260F0762493BD4F00897497 /* Main.storyboard */; };
		4260F07A2493BD5100897497 /* Assets.xcassets in Resources */ = {isa = PBXBuildFile; fileRef = 4260F0792493BD5100897497 /* Assets.xcassets */; };
		4260F07D2493BD5100897497 /* LaunchScreen.storyboard in Resources */ = {isa = PBXBuildFile; fileRef = 4260F07B2493BD5100897497 /* LaunchScreen.storyboard */; };
		4260F08D2493D38700897497 /* MainTabViewController.swift in Sources */ = {isa = PBXBuildFile; fileRef = 4260F08C2493D38700897497 /* MainTabViewController.swift */; };
		4260F08F2493DFFA00897497 /* FeedViewController.swift in Sources */ = {isa = PBXBuildFile; fileRef = 4260F08E2493DFFA00897497 /* FeedViewController.swift */; };
		4260F0912493E02200897497 /* ExploreViewController.swift in Sources */ = {isa = PBXBuildFile; fileRef = 4260F0902493E02200897497 /* ExploreViewController.swift */; };
		4260F0932493E03500897497 /* NotificationViewController.swift in Sources */ = {isa = PBXBuildFile; fileRef = 4260F0922493E03500897497 /* NotificationViewController.swift */; };
		4260F0952493E05300897497 /* ConversationViewController.swift in Sources */ = {isa = PBXBuildFile; fileRef = 4260F0942493E05300897497 /* ConversationViewController.swift */; };
		428C36122496608C00FD13B6 /* LoginViewController.swift in Sources */ = {isa = PBXBuildFile; fileRef = 428C36112496608C00FD13B6 /* LoginViewController.swift */; };
		428C3614249660F000FD13B6 /* RegisterViewController.swift in Sources */ = {isa = PBXBuildFile; fileRef = 428C3613249660F000FD13B6 /* RegisterViewController.swift */; };
		4292729F249FAE9A0079BD70 /* GoogleService-Info.plist in Resources */ = {isa = PBXBuildFile; fileRef = 4292729E249FAE9A0079BD70 /* GoogleService-Info.plist */; };
		429272A1249FCC730079BD70 /* Constant.swift in Sources */ = {isa = PBXBuildFile; fileRef = 429272A0249FCC730079BD70 /* Constant.swift */; };
		42DC647024A205DE002951D0 /* AuthService.swift in Sources */ = {isa = PBXBuildFile; fileRef = 42DC646F24A205DE002951D0 /* AuthService.swift */; };
		42DD9AF3249D227D009EF890 /* Utilities.swift in Sources */ = {isa = PBXBuildFile; fileRef = 42DD9AF2249D227D009EF890 /* Utilities.swift */; };
		42DD9AF6249D2FD8009EF890 /* Input.swift in Sources */ = {isa = PBXBuildFile; fileRef = 42DD9AF5249D2FD8009EF890 /* Input.swift */; };
		42E4EBC824A711F000E788B5 /* UploadTweetViewController.swift in Sources */ = {isa = PBXBuildFile; fileRef = 42E4EBC724A711F000E788B5 /* UploadTweetViewController.swift */; };
		42EF567524A7B20E004671EC /* TweetService.swift in Sources */ = {isa = PBXBuildFile; fileRef = 42EF567424A7B20E004671EC /* TweetService.swift */; };
		42EF567724A7B7AD004671EC /* Tweet.swift in Sources */ = {isa = PBXBuildFile; fileRef = 42EF567624A7B7AD004671EC /* Tweet.swift */; };
		6D0F059D7113906E2075B826 /* Pods_twitterclone.framework in Frameworks */ = {isa = PBXBuildFile; fileRef = 6FA5884A8204A692CA04B5F2 /* Pods_twitterclone.framework */; };
/* End PBXBuildFile section */

/* Begin PBXFileReference section */
		18F9D4C1DB408A6A5B366228 /* Pods-twitterclone.debug.xcconfig */ = {isa = PBXFileReference; includeInIndex = 1; lastKnownFileType = text.xcconfig; name = "Pods-twitterclone.debug.xcconfig"; path = "Target Support Files/Pods-twitterclone/Pods-twitterclone.debug.xcconfig"; sourceTree = "<group>"; };
		421B8FC024A8510700299ABA /* TweetCell.swift */ = {isa = PBXFileReference; lastKnownFileType = sourcecode.swift; path = TweetCell.swift; sourceTree = "<group>"; };
		421B8FC224A856E400299ABA /* Image.swift */ = {isa = PBXFileReference; lastKnownFileType = sourcecode.swift; path = Image.swift; sourceTree = "<group>"; };
		421B8FC424A85C4900299ABA /* Button.swift */ = {isa = PBXFileReference; lastKnownFileType = sourcecode.swift; path = Button.swift; sourceTree = "<group>"; };
		421B8FC624A884E900299ABA /* TweetViewModel.swift */ = {isa = PBXFileReference; lastKnownFileType = sourcecode.swift; path = TweetViewModel.swift; sourceTree = "<group>"; };
		4227E7C22494D72300E2DDA4 /* Extensions.swift */ = {isa = PBXFileReference; fileEncoding = 4; lastKnownFileType = sourcecode.swift; path = Extensions.swift; sourceTree = "<group>"; };
		425D92E124A5DD5400C905D3 /* UserService.swift */ = {isa = PBXFileReference; lastKnownFileType = sourcecode.swift; path = UserService.swift; sourceTree = "<group>"; };
		425D92E324A5FAC100C905D3 /* User.swift */ = {isa = PBXFileReference; lastKnownFileType = sourcecode.swift; path = User.swift; sourceTree = "<group>"; };
		4260F06D2493BD4F00897497 /* twitterclone.app */ = {isa = PBXFileReference; explicitFileType = wrapper.application; includeInIndex = 0; path = twitterclone.app; sourceTree = BUILT_PRODUCTS_DIR; };
		4260F0702493BD4F00897497 /* AppDelegate.swift */ = {isa = PBXFileReference; lastKnownFileType = sourcecode.swift; path = AppDelegate.swift; sourceTree = "<group>"; };
		4260F0722493BD4F00897497 /* SceneDelegate.swift */ = {isa = PBXFileReference; lastKnownFileType = sourcecode.swift; path = SceneDelegate.swift; sourceTree = "<group>"; };
		4260F0772493BD4F00897497 /* Base */ = {isa = PBXFileReference; lastKnownFileType = file.storyboard; name = Base; path = Base.lproj/Main.storyboard; sourceTree = "<group>"; };
		4260F0792493BD5100897497 /* Assets.xcassets */ = {isa = PBXFileReference; lastKnownFileType = folder.assetcatalog; path = Assets.xcassets; sourceTree = "<group>"; };
		4260F07C2493BD5100897497 /* Base */ = {isa = PBXFileReference; lastKnownFileType = file.storyboard; name = Base; path = Base.lproj/LaunchScreen.storyboard; sourceTree = "<group>"; };
		4260F07E2493BD5100897497 /* Info.plist */ = {isa = PBXFileReference; lastKnownFileType = text.plist.xml; path = Info.plist; sourceTree = "<group>"; };
		4260F08C2493D38700897497 /* MainTabViewController.swift */ = {isa = PBXFileReference; lastKnownFileType = sourcecode.swift; path = MainTabViewController.swift; sourceTree = "<group>"; };
		4260F08E2493DFFA00897497 /* FeedViewController.swift */ = {isa = PBXFileReference; lastKnownFileType = sourcecode.swift; path = FeedViewController.swift; sourceTree = "<group>"; };
		4260F0902493E02200897497 /* ExploreViewController.swift */ = {isa = PBXFileReference; lastKnownFileType = sourcecode.swift; path = ExploreViewController.swift; sourceTree = "<group>"; };
		4260F0922493E03500897497 /* NotificationViewController.swift */ = {isa = PBXFileReference; lastKnownFileType = sourcecode.swift; path = NotificationViewController.swift; sourceTree = "<group>"; };
		4260F0942493E05300897497 /* ConversationViewController.swift */ = {isa = PBXFileReference; lastKnownFileType = sourcecode.swift; path = ConversationViewController.swift; sourceTree = "<group>"; };
		428C36112496608C00FD13B6 /* LoginViewController.swift */ = {isa = PBXFileReference; lastKnownFileType = sourcecode.swift; path = LoginViewController.swift; sourceTree = "<group>"; };
		428C3613249660F000FD13B6 /* RegisterViewController.swift */ = {isa = PBXFileReference; lastKnownFileType = sourcecode.swift; path = RegisterViewController.swift; sourceTree = "<group>"; };
		4292729E249FAE9A0079BD70 /* GoogleService-Info.plist */ = {isa = PBXFileReference; fileEncoding = 4; lastKnownFileType = text.plist.xml; path = "GoogleService-Info.plist"; sourceTree = "<group>"; };
		429272A0249FCC730079BD70 /* Constant.swift */ = {isa = PBXFileReference; lastKnownFileType = sourcecode.swift; path = Constant.swift; sourceTree = "<group>"; };
		42DC646F24A205DE002951D0 /* AuthService.swift */ = {isa = PBXFileReference; fileEncoding = 4; lastKnownFileType = sourcecode.swift; path = AuthService.swift; sourceTree = "<group>"; };
		42DD9AF2249D227D009EF890 /* Utilities.swift */ = {isa = PBXFileReference; lastKnownFileType = sourcecode.swift; path = Utilities.swift; sourceTree = "<group>"; };
		42DD9AF5249D2FD8009EF890 /* Input.swift */ = {isa = PBXFileReference; lastKnownFileType = sourcecode.swift; path = Input.swift; sourceTree = "<group>"; };
		42E4EBC724A711F000E788B5 /* UploadTweetViewController.swift */ = {isa = PBXFileReference; lastKnownFileType = sourcecode.swift; path = UploadTweetViewController.swift; sourceTree = "<group>"; };
		42EF567424A7B20E004671EC /* TweetService.swift */ = {isa = PBXFileReference; lastKnownFileType = sourcecode.swift; path = TweetService.swift; sourceTree = "<group>"; };
		42EF567624A7B7AD004671EC /* Tweet.swift */ = {isa = PBXFileReference; lastKnownFileType = sourcecode.swift; path = Tweet.swift; sourceTree = "<group>"; };
		5B8B3CFC1311EA9D1CA87595 /* Pods-twitterclone.release.xcconfig */ = {isa = PBXFileReference; includeInIndex = 1; lastKnownFileType = text.xcconfig; name = "Pods-twitterclone.release.xcconfig"; path = "Target Support Files/Pods-twitterclone/Pods-twitterclone.release.xcconfig"; sourceTree = "<group>"; };
		6FA5884A8204A692CA04B5F2 /* Pods_twitterclone.framework */ = {isa = PBXFileReference; explicitFileType = wrapper.framework; includeInIndex = 0; path = Pods_twitterclone.framework; sourceTree = BUILT_PRODUCTS_DIR; };
/* End PBXFileReference section */

/* Begin PBXFrameworksBuildPhase section */
		4260F06A2493BD4F00897497 /* Frameworks */ = {
			isa = PBXFrameworksBuildPhase;
			buildActionMask = 2147483647;
			files = (
				6D0F059D7113906E2075B826 /* Pods_twitterclone.framework in Frameworks */,
			);
			runOnlyForDeploymentPostprocessing = 0;
		};
/* End PBXFrameworksBuildPhase section */

/* Begin PBXGroup section */
		29EF20F5B1045CF5084421BF /* Pods */ = {
			isa = PBXGroup;
			children = (
				18F9D4C1DB408A6A5B366228 /* Pods-twitterclone.debug.xcconfig */,
				5B8B3CFC1311EA9D1CA87595 /* Pods-twitterclone.release.xcconfig */,
			);
			path = Pods;
			sourceTree = "<group>";
		};
		4260F0642493BD4F00897497 = {
			isa = PBXGroup;
			children = (
				4260F06F2493BD4F00897497 /* twitterclone */,
				4260F06E2493BD4F00897497 /* Products */,
				29EF20F5B1045CF5084421BF /* Pods */,
				AE65D515576B0D2145F8FE44 /* Frameworks */,
			);
			sourceTree = "<group>";
		};
		4260F06E2493BD4F00897497 /* Products */ = {
			isa = PBXGroup;
			children = (
				4260F06D2493BD4F00897497 /* twitterclone.app */,
			);
			name = Products;
			sourceTree = "<group>";
		};
		4260F06F2493BD4F00897497 /* twitterclone */ = {
			isa = PBXGroup;
			children = (
				42DD9AF4249D2FBC009EF890 /* Components */,
				4260F0892493D20A00897497 /* Utils */,
				4260F0882493D20600897497 /* API */,
				4260F0872493D20100897497 /* Controller */,
				4260F0862493D1F200897497 /* ViewModel */,
				4260F0852493D1ED00897497 /* View */,
				4260F0842493D1E800897497 /* Model */,
				4260F0702493BD4F00897497 /* AppDelegate.swift */,
				4260F0722493BD4F00897497 /* SceneDelegate.swift */,
				4260F0762493BD4F00897497 /* Main.storyboard */,
				4260F0792493BD5100897497 /* Assets.xcassets */,
				4260F07B2493BD5100897497 /* LaunchScreen.storyboard */,
				4292729E249FAE9A0079BD70 /* GoogleService-Info.plist */,
				4260F07E2493BD5100897497 /* Info.plist */,
			);
			path = twitterclone;
			sourceTree = "<group>";
		};
		4260F0842493D1E800897497 /* Model */ = {
			isa = PBXGroup;
			children = (
				425D92E324A5FAC100C905D3 /* User.swift */,
				42EF567624A7B7AD004671EC /* Tweet.swift */,
			);
			path = Model;
			sourceTree = "<group>";
		};
		4260F0852493D1ED00897497 /* View */ = {
			isa = PBXGroup;
			children = (
				42DD9AF5249D2FD8009EF890 /* Input.swift */,
				421B8FC024A8510700299ABA /* TweetCell.swift */,
				421B8FC224A856E400299ABA /* Image.swift */,
				421B8FC424A85C4900299ABA /* Button.swift */,
			);
			path = View;
			sourceTree = "<group>";
		};
		4260F0862493D1F200897497 /* ViewModel */ = {
			isa = PBXGroup;
			children = (
				421B8FC624A884E900299ABA /* TweetViewModel.swift */,
			);
			path = ViewModel;
			sourceTree = "<group>";
		};
		4260F0872493D20100897497 /* Controller */ = {
			isa = PBXGroup;
			children = (
				4260F08C2493D38700897497 /* MainTabViewController.swift */,
				4260F08E2493DFFA00897497 /* FeedViewController.swift */,
				4260F0902493E02200897497 /* ExploreViewController.swift */,
				4260F0922493E03500897497 /* NotificationViewController.swift */,
				4260F0942493E05300897497 /* ConversationViewController.swift */,
				428C36112496608C00FD13B6 /* LoginViewController.swift */,
				428C3613249660F000FD13B6 /* RegisterViewController.swift */,
				42E4EBC724A711F000E788B5 /* UploadTweetViewController.swift */,
			);
			path = Controller;
			sourceTree = "<group>";
		};
		4260F0882493D20600897497 /* API */ = {
			isa = PBXGroup;
			children = (
				42DC646F24A205DE002951D0 /* AuthService.swift */,
				425D92E124A5DD5400C905D3 /* UserService.swift */,
				42EF567424A7B20E004671EC /* TweetService.swift */,
			);
			path = API;
			sourceTree = "<group>";
		};
		4260F0892493D20A00897497 /* Utils */ = {
			isa = PBXGroup;
			children = (
				4227E7C22494D72300E2DDA4 /* Extensions.swift */,
				42DD9AF2249D227D009EF890 /* Utilities.swift */,
				429272A0249FCC730079BD70 /* Constant.swift */,
			);
			path = Utils;
			sourceTree = "<group>";
		};
		42DD9AF4249D2FBC009EF890 /* Components */ = {
			isa = PBXGroup;
			children = (
			);
			path = Components;
			sourceTree = "<group>";
		};
		AE65D515576B0D2145F8FE44 /* Frameworks */ = {
			isa = PBXGroup;
			children = (
				6FA5884A8204A692CA04B5F2 /* Pods_twitterclone.framework */,
			);
			name = Frameworks;
			sourceTree = "<group>";
		};
/* End PBXGroup section */

/* Begin PBXNativeTarget section */
		4260F06C2493BD4F00897497 /* twitterclone */ = {
			isa = PBXNativeTarget;
			buildConfigurationList = 4260F0812493BD5100897497 /* Build configuration list for PBXNativeTarget "twitterclone" */;
			buildPhases = (
				41CEA917A242400E28CEDC6C /* [CP] Check Pods Manifest.lock */,
				4260F0692493BD4F00897497 /* Sources */,
				4260F06A2493BD4F00897497 /* Frameworks */,
				4260F06B2493BD4F00897497 /* Resources */,
				B022151EC18137CA09E016CD /* [CP] Embed Pods Frameworks */,
			);
			buildRules = (
			);
			dependencies = (
			);
			name = twitterclone;
			productName = twitterclone;
			productReference = 4260F06D2493BD4F00897497 /* twitterclone.app */;
			productType = "com.apple.product-type.application";
		};
/* End PBXNativeTarget section */

/* Begin PBXProject section */
		4260F0652493BD4F00897497 /* Project object */ = {
			isa = PBXProject;
			attributes = {
				LastSwiftUpdateCheck = 1120;
				LastUpgradeCheck = 1120;
				ORGANIZATIONNAME = slorop;
				TargetAttributes = {
					4260F06C2493BD4F00897497 = {
						CreatedOnToolsVersion = 11.2.1;
					};
				};
			};
			buildConfigurationList = 4260F0682493BD4F00897497 /* Build configuration list for PBXProject "twitterclone" */;
			compatibilityVersion = "Xcode 9.3";
			developmentRegion = en;
			hasScannedForEncodings = 0;
			knownRegions = (
				en,
				Base,
			);
			mainGroup = 4260F0642493BD4F00897497;
			productRefGroup = 4260F06E2493BD4F00897497 /* Products */;
			projectDirPath = "";
			projectRoot = "";
			targets = (
				4260F06C2493BD4F00897497 /* twitterclone */,
			);
		};
/* End PBXProject section */

/* Begin PBXResourcesBuildPhase section */
		4260F06B2493BD4F00897497 /* Resources */ = {
			isa = PBXResourcesBuildPhase;
			buildActionMask = 2147483647;
			files = (
				4260F07D2493BD5100897497 /* LaunchScreen.storyboard in Resources */,
				4292729F249FAE9A0079BD70 /* GoogleService-Info.plist in Resources */,
				4260F07A2493BD5100897497 /* Assets.xcassets in Resources */,
				4260F0782493BD4F00897497 /* Main.storyboard in Resources */,
			);
			runOnlyForDeploymentPostprocessing = 0;
		};
/* End PBXResourcesBuildPhase section */

/* Begin PBXShellScriptBuildPhase section */
		41CEA917A242400E28CEDC6C /* [CP] Check Pods Manifest.lock */ = {
			isa = PBXShellScriptBuildPhase;
			buildActionMask = 2147483647;
			files = (
			);
			inputFileListPaths = (
			);
			inputPaths = (
				"${PODS_PODFILE_DIR_PATH}/Podfile.lock",
				"${PODS_ROOT}/Manifest.lock",
			);
			name = "[CP] Check Pods Manifest.lock";
			outputFileListPaths = (
			);
			outputPaths = (
				"$(DERIVED_FILE_DIR)/Pods-twitterclone-checkManifestLockResult.txt",
			);
			runOnlyForDeploymentPostprocessing = 0;
			shellPath = /bin/sh;
			shellScript = "diff \"${PODS_PODFILE_DIR_PATH}/Podfile.lock\" \"${PODS_ROOT}/Manifest.lock\" > /dev/null\nif [ $? != 0 ] ; then\n    # print error to STDERR\n    echo \"error: The sandbox is not in sync with the Podfile.lock. Run 'pod install' or update your CocoaPods installation.\" >&2\n    exit 1\nfi\n# This output is used by Xcode 'outputs' to avoid re-running this script phase.\necho \"SUCCESS\" > \"${SCRIPT_OUTPUT_FILE_0}\"\n";
			showEnvVarsInLog = 0;
		};
		B022151EC18137CA09E016CD /* [CP] Embed Pods Frameworks */ = {
			isa = PBXShellScriptBuildPhase;
			buildActionMask = 2147483647;
			files = (
			);
			inputFileListPaths = (
				"${PODS_ROOT}/Target Support Files/Pods-twitterclone/Pods-twitterclone-frameworks-${CONFIGURATION}-input-files.xcfilelist",
			);
			name = "[CP] Embed Pods Frameworks";
			outputFileListPaths = (
				"${PODS_ROOT}/Target Support Files/Pods-twitterclone/Pods-twitterclone-frameworks-${CONFIGURATION}-output-files.xcfilelist",
			);
			runOnlyForDeploymentPostprocessing = 0;
			shellPath = /bin/sh;
			shellScript = "\"${PODS_ROOT}/Target Support Files/Pods-twitterclone/Pods-twitterclone-frameworks.sh\"\n";
			showEnvVarsInLog = 0;
		};
/* End PBXShellScriptBuildPhase section */

/* Begin PBXSourcesBuildPhase section */
		4260F0692493BD4F00897497 /* Sources */ = {
			isa = PBXSourcesBuildPhase;
			buildActionMask = 2147483647;
			files = (
				428C36122496608C00FD13B6 /* LoginViewController.swift in Sources */,
				428C3614249660F000FD13B6 /* RegisterViewController.swift in Sources */,
				42DD9AF3249D227D009EF890 /* Utilities.swift in Sources */,
				4260F0952493E05300897497 /* ConversationViewController.swift in Sources */,
				425D92E424A5FAC100C905D3 /* User.swift in Sources */,
				42DD9AF6249D2FD8009EF890 /* Input.swift in Sources */,
				4260F0712493BD4F00897497 /* AppDelegate.swift in Sources */,
				421B8FC324A856E400299ABA /* Image.swift in Sources */,
				421B8FC124A8510700299ABA /* TweetCell.swift in Sources */,
				4260F0732493BD4F00897497 /* SceneDelegate.swift in Sources */,
				4227E7C32494D72300E2DDA4 /* Extensions.swift in Sources */,
				4260F0932493E03500897497 /* NotificationViewController.swift in Sources */,
				429272A1249FCC730079BD70 /* Constant.swift in Sources */,
				4260F0912493E02200897497 /* ExploreViewController.swift in Sources */,
				425D92E224A5DD5400C905D3 /* UserService.swift in Sources */,
				4260F08F2493DFFA00897497 /* FeedViewController.swift in Sources */,
				4260F08D2493D38700897497 /* MainTabViewController.swift in Sources */,
				42DC647024A205DE002951D0 /* AuthService.swift in Sources */,
				42E4EBC824A711F000E788B5 /* UploadTweetViewController.swift in Sources */,
				421B8FC724A884E900299ABA /* TweetViewModel.swift in Sources */,
				42EF567724A7B7AD004671EC /* Tweet.swift in Sources */,
				42EF567524A7B20E004671EC /* TweetService.swift in Sources */,
				421B8FC524A85C4900299ABA /* Button.swift in Sources */,
			);
			runOnlyForDeploymentPostprocessing = 0;
		};
/* End PBXSourcesBuildPhase section */

/* Begin PBXVariantGroup section */
		4260F0762493BD4F00897497 /* Main.storyboard */ = {
			isa = PBXVariantGroup;
			children = (
				4260F0772493BD4F00897497 /* Base */,
			);
			name = Main.storyboard;
			sourceTree = "<group>";
		};
		4260F07B2493BD5100897497 /* LaunchScreen.storyboard */ = {
			isa = PBXVariantGroup;
			children = (
				4260F07C2493BD5100897497 /* Base */,
			);
			name = LaunchScreen.storyboard;
			sourceTree = "<group>";
		};
/* End PBXVariantGroup section */

/* Begin XCBuildConfiguration section */
		4260F07F2493BD5100897497 /* Debug */ = {
			isa = XCBuildConfiguration;
			buildSettings = {
				ALWAYS_SEARCH_USER_PATHS = NO;
				CLANG_ANALYZER_NONNULL = YES;
				CLANG_ANALYZER_NUMBER_OBJECT_CONVERSION = YES_AGGRESSIVE;
				CLANG_CXX_LANGUAGE_STANDARD = "gnu++14";
				CLANG_CXX_LIBRARY = "libc++";
				CLANG_ENABLE_MODULES = YES;
				CLANG_ENABLE_OBJC_ARC = YES;
				CLANG_ENABLE_OBJC_WEAK = YES;
				CLANG_WARN_BLOCK_CAPTURE_AUTORELEASING = YES;
				CLANG_WARN_BOOL_CONVERSION = YES;
				CLANG_WARN_COMMA = YES;
				CLANG_WARN_CONSTANT_CONVERSION = YES;
				CLANG_WARN_DEPRECATED_OBJC_IMPLEMENTATIONS = YES;
				CLANG_WARN_DIRECT_OBJC_ISA_USAGE = YES_ERROR;
				CLANG_WARN_DOCUMENTATION_COMMENTS = YES;
				CLANG_WARN_EMPTY_BODY = YES;
				CLANG_WARN_ENUM_CONVERSION = YES;
				CLANG_WARN_INFINITE_RECURSION = YES;
				CLANG_WARN_INT_CONVERSION = YES;
				CLANG_WARN_NON_LITERAL_NULL_CONVERSION = YES;
				CLANG_WARN_OBJC_IMPLICIT_RETAIN_SELF = YES;
				CLANG_WARN_OBJC_LITERAL_CONVERSION = YES;
				CLANG_WARN_OBJC_ROOT_CLASS = YES_ERROR;
				CLANG_WARN_RANGE_LOOP_ANALYSIS = YES;
				CLANG_WARN_STRICT_PROTOTYPES = YES;
				CLANG_WARN_SUSPICIOUS_MOVE = YES;
				CLANG_WARN_UNGUARDED_AVAILABILITY = YES_AGGRESSIVE;
				CLANG_WARN_UNREACHABLE_CODE = YES;
				CLANG_WARN__DUPLICATE_METHOD_MATCH = YES;
				COPY_PHASE_STRIP = NO;
				DEBUG_INFORMATION_FORMAT = dwarf;
				ENABLE_STRICT_OBJC_MSGSEND = YES;
				ENABLE_TESTABILITY = YES;
				GCC_C_LANGUAGE_STANDARD = gnu11;
				GCC_DYNAMIC_NO_PIC = NO;
				GCC_NO_COMMON_BLOCKS = YES;
				GCC_OPTIMIZATION_LEVEL = 0;
				GCC_PREPROCESSOR_DEFINITIONS = (
					"DEBUG=1",
					"$(inherited)",
				);
				GCC_WARN_64_TO_32_BIT_CONVERSION = YES;
				GCC_WARN_ABOUT_RETURN_TYPE = YES_ERROR;
				GCC_WARN_UNDECLARED_SELECTOR = YES;
				GCC_WARN_UNINITIALIZED_AUTOS = YES_AGGRESSIVE;
				GCC_WARN_UNUSED_FUNCTION = YES;
				GCC_WARN_UNUSED_VARIABLE = YES;
				IPHONEOS_DEPLOYMENT_TARGET = 13.2;
				MTL_ENABLE_DEBUG_INFO = INCLUDE_SOURCE;
				MTL_FAST_MATH = YES;
				ONLY_ACTIVE_ARCH = YES;
				SDKROOT = iphoneos;
				SWIFT_ACTIVE_COMPILATION_CONDITIONS = DEBUG;
				SWIFT_OPTIMIZATION_LEVEL = "-Onone";
			};
			name = Debug;
		};
		4260F0802493BD5100897497 /* Release */ = {
			isa = XCBuildConfiguration;
			buildSettings = {
				ALWAYS_SEARCH_USER_PATHS = NO;
				CLANG_ANALYZER_NONNULL = YES;
				CLANG_ANALYZER_NUMBER_OBJECT_CONVERSION = YES_AGGRESSIVE;
				CLANG_CXX_LANGUAGE_STANDARD = "gnu++14";
				CLANG_CXX_LIBRARY = "libc++";
				CLANG_ENABLE_MODULES = YES;
				CLANG_ENABLE_OBJC_ARC = YES;
				CLANG_ENABLE_OBJC_WEAK = YES;
				CLANG_WARN_BLOCK_CAPTURE_AUTORELEASING = YES;
				CLANG_WARN_BOOL_CONVERSION = YES;
				CLANG_WARN_COMMA = YES;
				CLANG_WARN_CONSTANT_CONVERSION = YES;
				CLANG_WARN_DEPRECATED_OBJC_IMPLEMENTATIONS = YES;
				CLANG_WARN_DIRECT_OBJC_ISA_USAGE = YES_ERROR;
				CLANG_WARN_DOCUMENTATION_COMMENTS = YES;
				CLANG_WARN_EMPTY_BODY = YES;
				CLANG_WARN_ENUM_CONVERSION = YES;
				CLANG_WARN_INFINITE_RECURSION = YES;
				CLANG_WARN_INT_CONVERSION = YES;
				CLANG_WARN_NON_LITERAL_NULL_CONVERSION = YES;
				CLANG_WARN_OBJC_IMPLICIT_RETAIN_SELF = YES;
				CLANG_WARN_OBJC_LITERAL_CONVERSION = YES;
				CLANG_WARN_OBJC_ROOT_CLASS = YES_ERROR;
				CLANG_WARN_RANGE_LOOP_ANALYSIS = YES;
				CLANG_WARN_STRICT_PROTOTYPES = YES;
				CLANG_WARN_SUSPICIOUS_MOVE = YES;
				CLANG_WARN_UNGUARDED_AVAILABILITY = YES_AGGRESSIVE;
				CLANG_WARN_UNREACHABLE_CODE = YES;
				CLANG_WARN__DUPLICATE_METHOD_MATCH = YES;
				COPY_PHASE_STRIP = NO;
				DEBUG_INFORMATION_FORMAT = "dwarf-with-dsym";
				ENABLE_NS_ASSERTIONS = NO;
				ENABLE_STRICT_OBJC_MSGSEND = YES;
				GCC_C_LANGUAGE_STANDARD = gnu11;
				GCC_NO_COMMON_BLOCKS = YES;
				GCC_WARN_64_TO_32_BIT_CONVERSION = YES;
				GCC_WARN_ABOUT_RETURN_TYPE = YES_ERROR;
				GCC_WARN_UNDECLARED_SELECTOR = YES;
				GCC_WARN_UNINITIALIZED_AUTOS = YES_AGGRESSIVE;
				GCC_WARN_UNUSED_FUNCTION = YES;
				GCC_WARN_UNUSED_VARIABLE = YES;
				IPHONEOS_DEPLOYMENT_TARGET = 13.2;
				MTL_ENABLE_DEBUG_INFO = NO;
				MTL_FAST_MATH = YES;
				SDKROOT = iphoneos;
				SWIFT_COMPILATION_MODE = wholemodule;
				SWIFT_OPTIMIZATION_LEVEL = "-O";
				VALIDATE_PRODUCT = YES;
			};
			name = Release;
		};
		4260F0822493BD5100897497 /* Debug */ = {
			isa = XCBuildConfiguration;
			baseConfigurationReference = 18F9D4C1DB408A6A5B366228 /* Pods-twitterclone.debug.xcconfig */;
			buildSettings = {
				ASSETCATALOG_COMPILER_APPICON_NAME = AppIcon;
				CODE_SIGN_STYLE = Automatic;
				INFOPLIST_FILE = twitterclone/Info.plist;
				LD_RUNPATH_SEARCH_PATHS = (
					"$(inherited)",
					"@executable_path/Frameworks",
				);
				PRODUCT_BUNDLE_IDENTIFIER = com.slorop.twitterclone;
				PRODUCT_NAME = "$(TARGET_NAME)";
				SWIFT_VERSION = 5.0;
				TARGETED_DEVICE_FAMILY = "1,2";
			};
			name = Debug;
		};
		4260F0832493BD5100897497 /* Release */ = {
			isa = XCBuildConfiguration;
			baseConfigurationReference = 5B8B3CFC1311EA9D1CA87595 /* Pods-twitterclone.release.xcconfig */;
			buildSettings = {
				ASSETCATALOG_COMPILER_APPICON_NAME = AppIcon;
				CODE_SIGN_STYLE = Automatic;
				INFOPLIST_FILE = twitterclone/Info.plist;
				LD_RUNPATH_SEARCH_PATHS = (
					"$(inherited)",
					"@executable_path/Frameworks",
				);
				PRODUCT_BUNDLE_IDENTIFIER = com.slorop.twitterclone;
				PRODUCT_NAME = "$(TARGET_NAME)";
				SWIFT_VERSION = 5.0;
				TARGETED_DEVICE_FAMILY = "1,2";
			};
			name = Release;
		};
/* End XCBuildConfiguration section */

/* Begin XCConfigurationList section */
		4260F0682493BD4F00897497 /* Build configuration list for PBXProject "twitterclone" */ = {
			isa = XCConfigurationList;
			buildConfigurations = (
				4260F07F2493BD5100897497 /* Debug */,
				4260F0802493BD5100897497 /* Release */,
			);
			defaultConfigurationIsVisible = 0;
			defaultConfigurationName = Release;
		};
		4260F0812493BD5100897497 /* Build configuration list for PBXNativeTarget "twitterclone" */ = {
			isa = XCConfigurationList;
			buildConfigurations = (
				4260F0822493BD5100897497 /* Debug */,
				4260F0832493BD5100897497 /* Release */,
			);
			defaultConfigurationIsVisible = 0;
			defaultConfigurationName = Release;
		};
/* End XCConfigurationList section */
	};
	rootObject = 4260F0652493BD4F00897497 /* Project object */;
}
